
Microsoft Visual Studio Solution File, Format Version 12.00
# Visual Studio Version 17
VisualStudioVersion = 17.13.35828.75
MinimumVisualStudioVersion = 10.0.40219.1
Project("{FAE04EC0-301F-11D3-BF4B-00C04F79EFBC}") = "GestiuneaConturilorBancare", "GestiuneaConturilorBancare.csproj", "{51B8BB8F-1BA9-4407-BAC9-BB30C3E85A68}"
EndProject
Project("{FAE04EC0-301F-11D3-BF4B-00C04F79EFBC}") = "LibrariiModeleBanking", "LibrariiModeleBacking\LibrariiModeleBanking.csproj", "{F97653D3-8E51-4C80-BE6F-C68F53C6BF77}"
EndProject
Project("{FAE04EC0-301F-11D3-BF4B-00C04F79EFBC}") = "Managers", "Managers\Managers.csproj", "{E86D0988-0CDF-4274-8979-757423694A77}"
EndProject
Project("{FAE04EC0-301F-11D3-BF4B-00C04F79EFBC}") = "InterfataUtilizator_WindowsForms", "InterfataUtilizator_WindowsForms\InterfataUtilizator_WindowsForms.csproj", "{A43DFB04-AB3A-4A97-9CF5-93E91A948B4B}"
EndProject
Global
	GlobalSection(SolutionConfigurationPlatforms) = preSolution
		Debug|Any CPU = Debug|Any CPU
		Release|Any CPU = Release|Any CPU
	EndGlobalSection
	GlobalSection(ProjectConfigurationPlatforms) = postSolution
		{51B8BB8F-1BA9-4407-BAC9-BB30C3E85A68}.Debug|Any CPU.ActiveCfg = Debug|Any CPU
		{51B8BB8F-1BA9-4407-BAC9-BB30C3E85A68}.Debug|Any CPU.Build.0 = Debug|Any CPU
		{51B8BB8F-1BA9-4407-BAC9-BB30C3E85A68}.Release|Any CPU.ActiveCfg = Release|Any CPU
		{51B8BB8F-1BA9-4407-BAC9-BB30C3E85A68}.Release|Any CPU.Build.0 = Release|Any CPU
		{F97653D3-8E51-4C80-BE6F-C68F53C6BF77}.Debug|Any CPU.ActiveCfg = Debug|Any CPU
		{F97653D3-8E51-4C80-BE6F-C68F53C6BF77}.Debug|Any CPU.Build.0 = Debug|Any CPU
		{F97653D3-8E51-4C80-BE6F-C68F53C6BF77}.Release|Any CPU.ActiveCfg = Release|Any CPU
		{F97653D3-8E51-4C80-BE6F-C68F53C6BF77}.Release|Any CPU.Build.0 = Release|Any CPU
		{E86D0988-0CDF-4274-8979-757423694A77}.Debug|Any CPU.ActiveCfg = Debug|Any CPU
		{E86D0988-0CDF-4274-8979-757423694A77}.Debug|Any CPU.Build.0 = Debug|Any CPU
		{E86D0988-0CDF-4274-8979-757423694A77}.Release|Any CPU.ActiveCfg = Release|Any CPU
		{E86D0988-0CDF-4274-8979-757423694A77}.Release|Any CPU.Build.0 = Release|Any CPU
		{A43DFB04-AB3A-4A97-9CF5-93E91A948B4B}.Debug|Any CPU.ActiveCfg = Debug|Any CPU
		{A43DFB04-AB3A-4A97-9CF5-93E91A948B4B}.Debug|Any CPU.Build.0 = Debug|Any CPU
		{A43DFB04-AB3A-4A97-9CF5-93E91A948B4B}.Release|Any CPU.ActiveCfg = Release|Any CPU
		{A43DFB04-AB3A-4A97-9CF5-93E91A948B4B}.Release|Any CPU.Build.0 = Release|Any CPU
	EndGlobalSection
	GlobalSection(SolutionProperties) = preSolution
		HideSolutionNode = FALSE
	EndGlobalSection
	GlobalSection(ExtensibilityGlobals) = postSolution
		SolutionGuid = {98560B6C-92E9-461F-8FCD-104580BBE854}
	EndGlobalSection
EndGlobal
